PODS:
  - IMLChannelCore (1.0.2):
    - IMSLog
  - IMSLog (1.0.1)
  - OpenSSL (1.0.210)

DEPENDENCIES:
  - IMLChannelCore
  - OpenSSL

SPEC CHECKSUMS:
  IMLChannelCore: 7b43267229b9884529fd10cb68e8676fd9763709
  IMSLog: 00fbea067aa7b50c2d76d3fb920741bc0f5ab532
  OpenSSL: 246ffb948e9d56466727fd318134af35f5aa764e

PODFILE CHECKSUM: ce14aab0715aafb3f14a940a22ec0a88206e2b11

COCOAPODS: 1.0.0
